<Solution>
  <Folder Name="/src/">
    <Project Path="src/SoloForge.Api/SoloForge.Api.csproj" />
    <Project Path="src/SoloForge.Core/SoloForge.Core.csproj" />
  </Folder>
  <Folder Name="/tests/">
    <Project Path="tests/SoloForge.Core.Tests/SoloForge.Core.Tests.csproj" />
  </Folder>
</Solution>
