Microsoft Visual Studio Solution File, Format Version 12.00
# Visual Studio Version 17
VisualStudioVersion = 17.5.2.0
MinimumVisualStudioVersion = 10.0.40219.1
Project("{FAE04EC0-301F-11D3-BF4B-00C04F79EFBC}") = "SoloForge.Console", "SoloForge.Console.csproj", "{AC9120EF-AFE4-6AF0-2864-8B2DF3B4908E}"
EndProject
Global
	GlobalSection(SolutionConfigurationPlatforms) = preSolution
		Debug|Any CPU = Debug|Any CPU
		Release|Any CPU = Release|Any CPU
	EndGlobalSection
	GlobalSection(ProjectConfigurationPlatforms) = postSolution
		{AC9120EF-AFE4-6AF0-2864-8B2DF3B4908E}.Debug|Any CPU.ActiveCfg = Debug|Any CPU
		{AC9120EF-AFE4-6AF0-2864-8B2DF3B4908E}.Debug|Any CPU.Build.0 = Debug|Any CPU
		{AC9120EF-AFE4-6AF0-2864-8B2DF3B4908E}.Release|Any CPU.ActiveCfg = Release|Any CPU
		{AC9120EF-AFE4-6AF0-2864-8B2DF3B4908E}.Release|Any CPU.Build.0 = Release|Any CPU
	EndGlobalSection
	GlobalSection(SolutionProperties) = preSolution
		HideSolutionNode = FALSE
	EndGlobalSection
	GlobalSection(ExtensibilityGlobals) = postSolution
		SolutionGuid = {B2F4F34B-08A2-4CD5-85A6-5E3D2AAAA8B0}
	EndGlobalSection
EndGlobal
